
Microsoft Visual Studio Solution File, Format Version 12.00
# Visual Studio Version 17
VisualStudioVersion = 17.14.36203.30 d17.14
MinimumVisualStudioVersion = 10.0.40219.1
Project("{FAE04EC0-301F-11D3-BF4B-00C04F79EFBC}") = "TTSBroswer", "TTSBroswer\TTSBroswer.csproj", "{BF1CC76E-5FE9-4F53-BA52-4354291E5B10}"
EndProject
Global
	GlobalSection(SolutionConfigurationPlatforms) = preSolution
		Debug|Any CPU = Debug|Any CPU
		Release|Any CPU = Release|Any CPU
	EndGlobalSection
	GlobalSection(ProjectConfigurationPlatforms) = postSolution
		{BF1CC76E-5FE9-4F53-BA52-4354291E5B10}.Debug|Any CPU.ActiveCfg = Debug|Any CPU
		{BF1CC76E-5FE9-4F53-BA52-4354291E5B10}.Debug|Any CPU.Build.0 = Debug|Any CPU
		{BF1CC76E-5FE9-4F53-BA52-4354291E5B10}.Release|Any CPU.ActiveCfg = Release|Any CPU
		{BF1CC76E-5FE9-4F53-BA52-4354291E5B10}.Release|Any CPU.Build.0 = Release|Any CPU
	EndGlobalSection
	GlobalSection(SolutionProperties) = preSolution
		HideSolutionNode = FALSE
	EndGlobalSection
	GlobalSection(ExtensibilityGlobals) = postSolution
		SolutionGuid = {A3D35BA7-D074-4D78-A471-F4D9DA7C3ACC}
	EndGlobalSection
EndGlobal
